
Microsoft Visual Studio Solution File, Format Version 12.00
# Visual Studio Version 16
VisualStudioVersion = 16.0.32002.261
MinimumVisualStudioVersion = 10.0.40219.1
Project("{FAE04EC0-301F-11D3-BF4B-00C04F79EFBC}") = "Empwage-Day10", "Empwage-Day10\Empwage-Day10.csproj", "{5F9F586D-9DC8-47FF-99B5-A2C14F34C967}"
EndProject
Global
	GlobalSection(SolutionConfigurationPlatforms) = preSolution
		Debug|Any CPU = Debug|Any CPU
		Release|Any CPU = Release|Any CPU
	EndGlobalSection
	GlobalSection(ProjectConfigurationPlatforms) = postSolution
		{5F9F586D-9DC8-47FF-99B5-A2C14F34C967}.Debug|Any CPU.ActiveCfg = Debug|Any CPU
		{5F9F586D-9DC8-47FF-99B5-A2C14F34C967}.Debug|Any CPU.Build.0 = Debug|Any CPU
		{5F9F586D-9DC8-47FF-99B5-A2C14F34C967}.Release|Any CPU.ActiveCfg = Release|Any CPU
		{5F9F586D-9DC8-47FF-99B5-A2C14F34C967}.Release|Any CPU.Build.0 = Release|Any CPU
	EndGlobalSection
	GlobalSection(SolutionProperties) = preSolution
		HideSolutionNode = FALSE
	EndGlobalSection
	GlobalSection(ExtensibilityGlobals) = postSolution
		SolutionGuid = {51E138EF-B520-4273-92AC-3FC01B301458}
	EndGlobalSection
EndGlobal
